
Microsoft Visual Studio Solution File, Format Version 12.00
# Visual Studio Version 16
VisualStudioVersion = 16.0.31321.278
MinimumVisualStudioVersion = 10.0.40219.1
Project("{9A19103F-16F7-4668-BE54-9A1E7A4F7556}") = "CodeChallenges", "CodeChallenges\CodeChallenges.csproj", "{AF0A74BE-265D-4F0B-9EA3-AF4389D05B67}"
EndProject
Project("{FAE04EC0-301F-11D3-BF4B-00C04F79EFBC}") = "CodeChallenges.UnitTests", "CodeChallenges.UnitTests\CodeChallenges.UnitTests.csproj", "{12521C48-F8E0-41EF-80E3-30A8286AF5CD}"
EndProject
Global
	GlobalSection(SolutionConfigurationPlatforms) = preSolution
		Debug|Any CPU = Debug|Any CPU
		Release|Any CPU = Release|Any CPU
	EndGlobalSection
	GlobalSection(ProjectConfigurationPlatforms) = postSolution
		{AF0A74BE-265D-4F0B-9EA3-AF4389D05B67}.Debug|Any CPU.ActiveCfg = Debug|Any CPU
		{AF0A74BE-265D-4F0B-9EA3-AF4389D05B67}.Debug|Any CPU.Build.0 = Debug|Any CPU
		{AF0A74BE-265D-4F0B-9EA3-AF4389D05B67}.Release|Any CPU.ActiveCfg = Release|Any CPU
		{AF0A74BE-265D-4F0B-9EA3-AF4389D05B67}.Release|Any CPU.Build.0 = Release|Any CPU
		{12521C48-F8E0-41EF-80E3-30A8286AF5CD}.Debug|Any CPU.ActiveCfg = Debug|Any CPU
		{12521C48-F8E0-41EF-80E3-30A8286AF5CD}.Debug|Any CPU.Build.0 = Debug|Any CPU
		{12521C48-F8E0-41EF-80E3-30A8286AF5CD}.Release|Any CPU.ActiveCfg = Release|Any CPU
		{12521C48-F8E0-41EF-80E3-30A8286AF5CD}.Release|Any CPU.Build.0 = Release|Any CPU
	EndGlobalSection
	GlobalSection(SolutionProperties) = preSolution
		HideSolutionNode = FALSE
	EndGlobalSection
	GlobalSection(ExtensibilityGlobals) = postSolution
		SolutionGuid = {3B4CECEB-6449-4C41-BD46-DABC9DD8F7E4}
	EndGlobalSection
EndGlobal
